<?xml version="1.0" encoding="utf-8"?>
<Project ToolsVersion="4.0" xmlns="http://schemas.microsoft.com/developer/msbuild/2003">
  <ItemGroup>
    <Filter Include="Source Files">
      <UniqueIdentifier>{4FC737F1-C7A5-4376-A066-2A32D752A2FF}</UniqueIdentifier>
      <Extensions>cpp;c;cc;cxx;def;odl;idl;hpj;bat;asm;asmx</Extensions>
    </Filter>
    <Filter Include="Header Files">
      <UniqueIdentifier>{93995380-89BD-4b04-88EB-625FBE52EBFB}</UniqueIdentifier>
      <Extensions>h;hh;hpp;hxx;hm;inl;inc;ipp;xsd</Extensions>
    </Filter>
    <Filter Include="Resource Files">
      <UniqueIdentifier>{67DA6AB6-F800-4c08-8B7A-83BB121AAD01}</UniqueIdentifier>
      <Extensions>rc;ico;cur;bmp;dlg;rc2;rct;bin;rgs;gif;jpg;jpeg;jpe;resx;tiff;tif;png;wav;mfcribbon-ms</Extensions>
    </Filter>
  </ItemGroup>
  <ItemGroup>
    <ClInclude Include="HFS\Client.h">
      <Filter>Header Files</Filter>
    </ClInclude>
    <ClInclude Include="HFS\Common.h">
      <Filter>Header Files</Filter>
    </ClInclude>
    <ClInclude Include="HFS\Content.h">
      <Filter>Header Files</Filter>
    </ClInclude>
    <ClInclude Include="HFS\Context.h">
      <Filter>Header Files</Filter>
    </ClInclude>
    <ClInclude Include="HFS\DataRegion.h">
      <Filter>Header Files</Filter>
    </ClInclude>
    <ClInclude Include="HFS\Exception.h">
      <Filter>Header Files</Filter>
    </ClInclude>
    <ClInclude Include="HFS\MemoryPool.h">
      <Filter>Header Files</Filter>
    </ClInclude>
    <ClInclude Include="HFS\Request.h">
      <Filter>Header Files</Filter>
    </ClInclude>
    <ClInclude Include="HFS\Response.h">
      <Filter>Header Files</Filter>
    </ClInclude>
    <ClInclude Include="HFS\Server.h">
      <Filter>Header Files</Filter>
    </ClInclude>
    <ClInclude Include="HFS\Stat.h">
      <Filter>Header Files</Filter>
    </ClInclude>
    <ClInclude Include="HFS\Worker.h">
      <Filter>Header Files</Filter>
    </ClInclude>
    <ClInclude Include="HFS\Wrapper.h">
      <Filter>Header Files</Filter>
    </ClInclude>
  </ItemGroup>
  <ItemGroup>
    <ClCompile Include="HFS\Client.cpp">
      <Filter>Source Files</Filter>
    </ClCompile>
    <ClCompile Include="HFS\Common.cpp">
      <Filter>Source Files</Filter>
    </ClCompile>
    <ClCompile Include="HFS\Content.cpp">
      <Filter>Source Files</Filter>
    </ClCompile>
    <ClCompile Include="HFS\Context.cpp">
      <Filter>Source Files</Filter>
    </ClCompile>
    <ClCompile Include="HFS\DataRegion.cpp">
      <Filter>Source Files</Filter>
    </ClCompile>
    <ClCompile Include="HFS\Exception.cpp">
      <Filter>Source Files</Filter>
    </ClCompile>
    <ClCompile Include="HFS\main.cpp">
      <Filter>Source Files</Filter>
    </ClCompile>
    <ClCompile Include="HFS\MemoryPool.cpp">
      <Filter>Source Files</Filter>
    </ClCompile>
    <ClCompile Include="HFS\Request.cpp">
      <Filter>Source Files</Filter>
    </ClCompile>
    <ClCompile Include="HFS\Response.cpp">
      <Filter>Source Files</Filter>
    </ClCompile>
    <ClCompile Include="HFS\Server.cpp">
      <Filter>Source Files</Filter>
    </ClCompile>
    <ClCompile Include="HFS\Stat.cpp">
      <Filter>Source Files</Filter>
    </ClCompile>
    <ClCompile Include="HFS\Worker.cpp">
      <Filter>Source Files</Filter>
    </ClCompile>
    <ClCompile Include="HFS\Wrapper.cpp">
      <Filter>Source Files</Filter>
    </ClCompile>
  </ItemGroup>
</Project>